{
  "name": "kotoba-script-tooling",
  "lockfileVersion": 3,
  "requires": true,
  "packages": {
    "": {
      "name": "kotoba-script-tooling",
      "devDependencies": {
        "nbb": "git+https://github.com/kotoba-lang/org-babashka-nbb.git#829f0ba11016e925001d80e51f12848c4ad58112"
      }
    },
    "node_modules/import-meta-resolve": {
      "version": "4.2.0",
      "resolved": "https://registry.npmjs.org/import-meta-resolve/-/import-meta-resolve-4.2.0.tgz",
      "integrity": "sha512-Iqv2fzaTQN28s/FwZAoFq0ZSs/7hMAHJVX+w8PZl3cY19Pxk6jFFalxQoIfW2826i/fDLXv8IiEZRIT0lDuWcg==",
      "dev": true,
      "license": "MIT",
      "funding": {
        "type": "github",
        "url": "https://github.com/sponsors/wooorm"
      }
    },
    "node_modules/nbb": {
      "version": "1.5.212-cljk.1",
      "resolved": "git+https://github.com/kotoba-lang/org-babashka-nbb.git#829f0ba11016e925001d80e51f12848c4ad58112",
      "integrity": "sha512-3b5fgygDqUz/KHG94Eaer2GIK0QV/kVNuzh0fTJrXOvS7BfGdjp/FjwgwltUOmkNuRIVMeQC+7gZ8xwaPalfUw==",
      "dev": true,
      "license": "EPL-1.0",
      "dependencies": {
        "import-meta-resolve": "^4.1.0"
      },
      "bin": {
        "nbb": "cli.js",
        "nbbun": "nbbun.js"
      }
    }
  }
}
